File.Version=6
MxCube.Version=6.13.0
MxDb.Version=DB.6.0.130
KeepUserPlacement=false
Mcu.CPN=STM32C011D6Y3TR
Mcu.Name=STM32C011D6Yx
board=
ProjectManager.ProjectFileName=ASDASD.ioc
ProjectManager.ProjectName=ASDASD
ProjectManager.PreviousToolchain=
ProjectManager.TargetToolchain=STM32CubeIDE
ProjectManager.DeletePrevious=true
ProjectManager.UnderRoot=true
ProjectManager.MainLocation=Core/Src
ProjectManager.ToolChainLocation=
ProjectManager.LibraryCopy=1
ProjectManager.FirmwarePackage=STM32Cube FW_C0 V1.3.1
ProjectManager.CustomerFirmwarePackage=
ProjectManager.DefaultFWLocation=true
ProjectManager.DeviceId=STM32C011D6Yx
ProjectManager.isStatic=false
ProjectManager.isCPP=false
isbadioc=false
